{
  "name": "graph-node",
  "version": "1.0.1",
  "lockfileVersion": 1,
  "requires": true,
  "dependencies": {
    "queue-nodejs": {
      "version": "1.0.1",
      "resolved": "https://registry.npmjs.org/queue-nodejs/-/queue-nodejs-1.0.1.tgz",
      "integrity": "sha512-8vdHkIaKZmjGTigsh12VfXr+hR+1PN2R1umRiBJ1jY4tZ3PACE6nbDkRGiOZzagERgmiSprgBQDBQUTwLIaGzQ=="
    }
  }
}
